
Microsoft Visual Studio Solution File, Format Version 12.00
# Visual Studio Version 17
VisualStudioVersion = 17.5.002.0
MinimumVisualStudioVersion = 10.0.40219.1
Project("{9A19103F-16F7-4668-BE54-9A1E7A4F7556}") = "HurliNet", "HurliNet.csproj", "{30B6128F-F0FC-463A-9312-51BE7A7AE1DA}"
EndProject
Global
	GlobalSection(SolutionConfigurationPlatforms) = preSolution
		Debug|Any CPU = Debug|Any CPU
		Release|Any CPU = Release|Any CPU
	EndGlobalSection
	GlobalSection(ProjectConfigurationPlatforms) = postSolution
		{30B6128F-F0FC-463A-9312-51BE7A7AE1DA}.Debug|Any CPU.ActiveCfg = Debug|Any CPU
		{30B6128F-F0FC-463A-9312-51BE7A7AE1DA}.Debug|Any CPU.Build.0 = Debug|Any CPU
		{30B6128F-F0FC-463A-9312-51BE7A7AE1DA}.Release|Any CPU.ActiveCfg = Release|Any CPU
		{30B6128F-F0FC-463A-9312-51BE7A7AE1DA}.Release|Any CPU.Build.0 = Release|Any CPU
	EndGlobalSection
	GlobalSection(SolutionProperties) = preSolution
		HideSolutionNode = FALSE
	EndGlobalSection
	GlobalSection(ExtensibilityGlobals) = postSolution
		SolutionGuid = {7FFF7C7E-6F2C-469B-A20B-DA19C22B8059}
	EndGlobalSection
EndGlobal
